
Microsoft Visual Studio Solution File, Format Version 12.00
# Visual Studio Version 17
VisualStudioVersion = 17.2.32616.157
MinimumVisualStudioVersion = 10.0.40219.1
Project("{FAE04EC0-301F-11D3-BF4B-00C04F79EFBC}") = "Day71Demo", "Day71Demo\Day71Demo.csproj", "{E8891CB8-A03F-488F-8935-1C188A9650C9}"
EndProject
Project("{2150E333-8FDC-42A3-9474-1A3956D46DE8}") = "UnitTests", "UnitTests", "{7C86A713-A7E0-4824-B727-7BA616713E35}"
EndProject
Project("{9A19103F-16F7-4668-BE54-9A1E7A4F7556}") = "Day71Demo.UnitTests", "UnitsTest\Day71Demo.UnitTests\Day71Demo.UnitTests.csproj", "{AC4F2233-A271-4CCC-B00E-5F4E616ECDCD}"
EndProject
Project("{2150E333-8FDC-42A3-9474-1A3956D46DE8}") = "Source", "Source", "{41C6361D-F614-4C07-A47E-4A0376B0D1FF}"
EndProject
Global
	GlobalSection(SolutionConfigurationPlatforms) = preSolution
		Debug|Any CPU = Debug|Any CPU
		Release|Any CPU = Release|Any CPU
	EndGlobalSection
	GlobalSection(ProjectConfigurationPlatforms) = postSolution
		{E8891CB8-A03F-488F-8935-1C188A9650C9}.Debug|Any CPU.ActiveCfg = Debug|Any CPU
		{E8891CB8-A03F-488F-8935-1C188A9650C9}.Debug|Any CPU.Build.0 = Debug|Any CPU
		{E8891CB8-A03F-488F-8935-1C188A9650C9}.Release|Any CPU.ActiveCfg = Release|Any CPU
		{E8891CB8-A03F-488F-8935-1C188A9650C9}.Release|Any CPU.Build.0 = Release|Any CPU
		{AC4F2233-A271-4CCC-B00E-5F4E616ECDCD}.Debug|Any CPU.ActiveCfg = Debug|Any CPU
		{AC4F2233-A271-4CCC-B00E-5F4E616ECDCD}.Debug|Any CPU.Build.0 = Debug|Any CPU
		{AC4F2233-A271-4CCC-B00E-5F4E616ECDCD}.Release|Any CPU.ActiveCfg = Release|Any CPU
		{AC4F2233-A271-4CCC-B00E-5F4E616ECDCD}.Release|Any CPU.Build.0 = Release|Any CPU
	EndGlobalSection
	GlobalSection(SolutionProperties) = preSolution
		HideSolutionNode = FALSE
	EndGlobalSection
	GlobalSection(NestedProjects) = preSolution
		{E8891CB8-A03F-488F-8935-1C188A9650C9} = {41C6361D-F614-4C07-A47E-4A0376B0D1FF}
		{AC4F2233-A271-4CCC-B00E-5F4E616ECDCD} = {7C86A713-A7E0-4824-B727-7BA616713E35}
	EndGlobalSection
	GlobalSection(ExtensibilityGlobals) = postSolution
		SolutionGuid = {807E7647-5960-442C-A4C6-D7FC89A168C2}
	EndGlobalSection
EndGlobal
